
Microsoft Visual Studio Solution File, Format Version 12.00
# Visual Studio Version 18
VisualStudioVersion = 18.1.11312.151
MinimumVisualStudioVersion = 10.0.40219.1
Project("{9A19103F-16F7-4668-BE54-9A1E7A4F7556}") = "2. SM.Engine", "SM.Engine\2. SM.Engine.csproj", "{61CE3CCD-101F-400E-B8E4-02BAFA879E88}"
EndProject
Project("{9A19103F-16F7-4668-BE54-9A1E7A4F7556}") = "3. SM.Database", "SM.Database\3. SM.Database.csproj", "{6DEFF5B4-8CB8-4A11-AF29-5EDA954EEA59}"
	ProjectSection(ProjectDependencies) = postProject
		{E2B6AFE3-5B3C-4C3B-A33E-CC8A4507E33C} = {E2B6AFE3-5B3C-4C3B-A33E-CC8A4507E33C}
	EndProjectSection
EndProject
Project("{9A19103F-16F7-4668-BE54-9A1E7A4F7556}") = "4. SM.Common", "SM.Common\4. SM.Common.csproj", "{E2B6AFE3-5B3C-4C3B-A33E-CC8A4507E33C}"
EndProject
Project("{9A19103F-16F7-4668-BE54-9A1E7A4F7556}") = "1. SM.Web", "SM.Web\1. SM.Web.csproj", "{EB4724D2-4B40-4C66-AD29-91E06D178FE8}"
EndProject
Project("{2150E333-8FDC-42A3-9474-1A3956D46DE8}") = "Apps", "Apps", "{AA487AA5-9DD9-402D-ADD5-1F63C073E5EE}"
EndProject
Project("{2150E333-8FDC-42A3-9474-1A3956D46DE8}") = "MobileApp", "MobileApp", "{210BE7A7-0F49-4F3B-A873-1A558C40FF20}"
EndProject
Project("{2150E333-8FDC-42A3-9474-1A3956D46DE8}") = "src", "src", "{468AF967-781A-4E88-B5F0-98886A33795B}"
EndProject
Project("{FAE04EC0-301F-11D3-BF4B-00C04F79EFBC}") = "SM.MobileApp", "Apps\MobileApp\src\SM.MobileApp\SM.MobileApp.csproj", "{E43E529A-2C36-42E1-A893-01181986601B}"
EndProject
Global
	GlobalSection(SolutionConfigurationPlatforms) = preSolution
		Debug|Any CPU = Debug|Any CPU
		Release|Any CPU = Release|Any CPU
	EndGlobalSection
	GlobalSection(ProjectConfigurationPlatforms) = postSolution
		{61CE3CCD-101F-400E-B8E4-02BAFA879E88}.Debug|Any CPU.ActiveCfg = Debug|Any CPU
		{61CE3CCD-101F-400E-B8E4-02BAFA879E88}.Debug|Any CPU.Build.0 = Debug|Any CPU
		{61CE3CCD-101F-400E-B8E4-02BAFA879E88}.Release|Any CPU.ActiveCfg = Release|Any CPU
		{61CE3CCD-101F-400E-B8E4-02BAFA879E88}.Release|Any CPU.Build.0 = Release|Any CPU
		{6DEFF5B4-8CB8-4A11-AF29-5EDA954EEA59}.Debug|Any CPU.ActiveCfg = Debug|Any CPU
		{6DEFF5B4-8CB8-4A11-AF29-5EDA954EEA59}.Debug|Any CPU.Build.0 = Debug|Any CPU
		{6DEFF5B4-8CB8-4A11-AF29-5EDA954EEA59}.Release|Any CPU.ActiveCfg = Release|Any CPU
		{6DEFF5B4-8CB8-4A11-AF29-5EDA954EEA59}.Release|Any CPU.Build.0 = Release|Any CPU
		{E2B6AFE3-5B3C-4C3B-A33E-CC8A4507E33C}.Debug|Any CPU.ActiveCfg = Debug|Any CPU
		{E2B6AFE3-5B3C-4C3B-A33E-CC8A4507E33C}.Debug|Any CPU.Build.0 = Debug|Any CPU
		{E2B6AFE3-5B3C-4C3B-A33E-CC8A4507E33C}.Release|Any CPU.ActiveCfg = Release|Any CPU
		{E2B6AFE3-5B3C-4C3B-A33E-CC8A4507E33C}.Release|Any CPU.Build.0 = Release|Any CPU
		{EB4724D2-4B40-4C66-AD29-91E06D178FE8}.Debug|Any CPU.ActiveCfg = Debug|Any CPU
		{EB4724D2-4B40-4C66-AD29-91E06D178FE8}.Debug|Any CPU.Build.0 = Debug|Any CPU
		{EB4724D2-4B40-4C66-AD29-91E06D178FE8}.Release|Any CPU.ActiveCfg = Release|Any CPU
		{EB4724D2-4B40-4C66-AD29-91E06D178FE8}.Release|Any CPU.Build.0 = Release|Any CPU
		{E43E529A-2C36-42E1-A893-01181986601B}.Debug|Any CPU.ActiveCfg = Debug|Any CPU
		{E43E529A-2C36-42E1-A893-01181986601B}.Debug|Any CPU.Build.0 = Debug|Any CPU
		{E43E529A-2C36-42E1-A893-01181986601B}.Debug|Any CPU.Deploy.0 = Debug|Any CPU
		{E43E529A-2C36-42E1-A893-01181986601B}.Release|Any CPU.ActiveCfg = Release|Any CPU
		{E43E529A-2C36-42E1-A893-01181986601B}.Release|Any CPU.Build.0 = Release|Any CPU
		{E43E529A-2C36-42E1-A893-01181986601B}.Release|Any CPU.Deploy.0 = Release|Any CPU
	EndGlobalSection
	GlobalSection(SolutionProperties) = preSolution
		HideSolutionNode = FALSE
	EndGlobalSection
	GlobalSection(NestedProjects) = preSolution
		{210BE7A7-0F49-4F3B-A873-1A558C40FF20} = {AA487AA5-9DD9-402D-ADD5-1F63C073E5EE}
		{468AF967-781A-4E88-B5F0-98886A33795B} = {210BE7A7-0F49-4F3B-A873-1A558C40FF20}
		{E43E529A-2C36-42E1-A893-01181986601B} = {468AF967-781A-4E88-B5F0-98886A33795B}
	EndGlobalSection
	GlobalSection(ExtensibilityGlobals) = postSolution
		SolutionGuid = {93C6EB16-1AA0-423D-8234-28ECCB13E5F6}
	EndGlobalSection
EndGlobal
